<?xml version="1.0" encoding="utf-8"?>
<Project ToolsVersion="4.0" xmlns="http://schemas.microsoft.com/developer/msbuild/2003">
  <ItemGroup>
    <ClCompile Include="Animations.cpp" />
    <ClCompile Include="BoundingBox.cpp" />
    <ClCompile Include="Brick.cpp" />
    <ClCompile Include="Game.cpp" />
    <ClCompile Include="GameObject.cpp" />
    <ClCompile Include="Input.cpp" />
    <ClCompile Include="Interactable.cpp" />
    <ClCompile Include="main.cpp" />
    <ClCompile Include="MapSegment.cpp" />
    <ClCompile Include="Portal.cpp" />
    <ClCompile Include="Sprites.cpp" />
    <ClCompile Include="Textures.cpp" />
    <ClCompile Include="useful_stuff.cpp" />
    <ClCompile Include="Utils.cpp" />
    <ClCompile Include="SceneArea2SideView.cpp" />
    <ClCompile Include="Cannon.cpp">
      <Filter>Enemies</Filter>
    </ClCompile>
    <ClCompile Include="Dome.cpp">
      <Filter>Enemies</Filter>
    </ClCompile>
    <ClCompile Include="Eye.cpp">
      <Filter>Enemies</Filter>
    </ClCompile>
    <ClCompile Include="Floater.cpp">
      <Filter>Enemies</Filter>
    </ClCompile>
    <ClCompile Include="Insect.cpp">
      <Filter>Enemies</Filter>
    </ClCompile>
    <ClCompile Include="Jumper.cpp">
      <Filter>Enemies</Filter>
    </ClCompile>
    <ClCompile Include="Laser.cpp">
      <Filter>Enemies</Filter>
    </ClCompile>
    <ClCompile Include="Orb.cpp">
      <Filter>Enemies</Filter>
    </ClCompile>
    <ClCompile Include="Teleporter.cpp">
      <Filter>Enemies</Filter>
    </ClCompile>
    <ClCompile Include="Walker.cpp">
      <Filter>Enemies</Filter>
    </ClCompile>
    <ClCompile Include="Worm.cpp">
      <Filter>Enemies</Filter>
    </ClCompile>
    <ClCompile Include="WormPod.cpp">
      <Filter>Enemies</Filter>
    </ClCompile>
    <ClCompile Include="Scene.cpp" />
    <ClCompile Include="Camera.cpp" />
    <ClCompile Include="Mine.cpp">
      <Filter>Enemies</Filter>
    </ClCompile>
  </ItemGroup>
  <ItemGroup>
    <ClInclude Include="Animations.h" />
    <ClInclude Include="BoundingBox.h" />
    <ClInclude Include="Brick.h" />
    <ClInclude Include="Game.h" />
    <ClInclude Include="GameObject.h" />
    <ClInclude Include="Header.h" />
    <ClInclude Include="Input.h" />
    <ClInclude Include="Interactable.h" />
    <ClInclude Include="KeyEventHandler.h" />
    <ClInclude Include="Manager.h" />
    <ClInclude Include="MapSegment.h" />
    <ClInclude Include="Portal.h" />
    <ClInclude Include="Scene.h" />
    <ClInclude Include="Sprites.h" />
    <ClInclude Include="Textures.h" />
    <ClInclude Include="useful_stuff.h" />
    <ClInclude Include="Utils.h" />
    <ClInclude Include="SceneArea2SideView.h" />
    <ClInclude Include="Cannon.h">
      <Filter>Enemies</Filter>
    </ClInclude>
    <ClInclude Include="Dome.h">
      <Filter>Enemies</Filter>
    </ClInclude>
    <ClInclude Include="Eye.h">
      <Filter>Enemies</Filter>
    </ClInclude>
    <ClInclude Include="Floater.h">
      <Filter>Enemies</Filter>
    </ClInclude>
    <ClInclude Include="Insect.h">
      <Filter>Enemies</Filter>
    </ClInclude>
    <ClInclude Include="Jumper.h">
      <Filter>Enemies</Filter>
    </ClInclude>
    <ClInclude Include="Laser.h">
      <Filter>Enemies</Filter>
    </ClInclude>
    <ClInclude Include="Orb.h">
      <Filter>Enemies</Filter>
    </ClInclude>
    <ClInclude Include="Teleporter.h">
      <Filter>Enemies</Filter>
    </ClInclude>
    <ClInclude Include="Walker.h">
      <Filter>Enemies</Filter>
    </ClInclude>
    <ClInclude Include="Worm.h">
      <Filter>Enemies</Filter>
    </ClInclude>
    <ClInclude Include="WormPod.h">
      <Filter>Enemies</Filter>
    </ClInclude>
    <ClInclude Include="Camera.h" />
    <ClInclude Include="Mine.h">
      <Filter>Enemies</Filter>
    </ClInclude>
  </ItemGroup>
  <ItemGroup>
    <Filter Include="Enemies">
      <UniqueIdentifier>{62286d65-d6a4-4efc-b449-0a084529daca}</UniqueIdentifier>
    </Filter>
  </ItemGroup>
  <ItemGroup>
    <Library Include="zlib.lib" />
  </ItemGroup>
  <ItemGroup>
    <None Include="zlibwapi.dll" />
  </ItemGroup>
</Project>